// !$*UTF8*$!
{
	archiveVersion = 1;
	classes = {
	};
	objectVersion = 46;
	objects = {

/* Begin PBXBuildFile section */
		1BED466142EA4EA78724C85C /* libPods.a in Frameworks */ = {isa = PBXBuildFile; fileRef = AE61CBF8B5E348929E5481CC /* libPods.a */; };
		B2396FE9177DF75C00E52093 /* PostsViewController.m in Sources */ = {isa = PBXBuildFile; fileRef = B27F99F7177DF6CD00C17371 /* PostsViewController.m */; };
		B2397000177E27FC00E52093 /* Post.m in Sources */ = {isa = PBXBuildFile; fileRef = B2396FFF177E27FC00E52093 /* Post.m */; };
		B27F99F0177DF4FE00C17371 /* Frontpage.storyboard in Resources */ = {isa = PBXBuildFile; fileRef = B2B1DF47177CFA190041973B /* Frontpage.storyboard */; };
		B2B1DF09177CF9A70041973B /* Foundation.framework in Frameworks */ = {isa = PBXBuildFile; fileRef = B2B1DF08177CF9A70041973B /* Foundation.framework */; };
		B2B1DF0B177CF9A70041973B /* CoreGraphics.framework in Frameworks */ = {isa = PBXBuildFile; fileRef = B2B1DF0A177CF9A70041973B /* CoreGraphics.framework */; };
		B2B1DF0D177CF9A70041973B /* UIKit.framework in Frameworks */ = {isa = PBXBuildFile; fileRef = B2B1DF0C177CF9A70041973B /* UIKit.framework */; };
		B2B1DF0F177CF9A70041973B /* CoreData.framework in Frameworks */ = {isa = PBXBuildFile; fileRef = B2B1DF0E177CF9A70041973B /* CoreData.framework */; };
		B2B1DF12177CF9A70041973B /* Podfile in Resources */ = {isa = PBXBuildFile; fileRef = B2B1DF11177CF9A70041973B /* Podfile */; };
		B2B1DF18177CF9A70041973B /* frontpageAPIClient.m in Sources */ = {isa = PBXBuildFile; fileRef = B2B1DF17177CF9A70041973B /* frontpageAPIClient.m */; };
		B2B1DF1C177CF9A70041973B /* InfoPlist.strings in Resources */ = {isa = PBXBuildFile; fileRef = B2B1DF1A177CF9A70041973B /* InfoPlist.strings */; };
		B2B1DF1E177CF9A70041973B /* main.m in Sources */ = {isa = PBXBuildFile; fileRef = B2B1DF1D177CF9A70041973B /* main.m */; };
		B2B1DF21177CF9A70041973B /* AppDelegate.m in Sources */ = {isa = PBXBuildFile; fileRef = B2B1DF20177CF9A70041973B /* AppDelegate.m */; };
		B2B1DF25177CF9A70041973B /* frontpage.xcdatamodeld in Sources */ = {isa = PBXBuildFile; fileRef = B2B1DF23177CF9A70041973B /* frontpage.xcdatamodeld */; };
		B2B1DF28177CF9A70041973B /* frontpageIncrementalStore.m in Sources */ = {isa = PBXBuildFile; fileRef = B2B1DF27177CF9A70041973B /* frontpageIncrementalStore.m */; };
		B2B1DF2A177CF9A70041973B /* Images.xcassets in Resources */ = {isa = PBXBuildFile; fileRef = B2B1DF29177CF9A70041973B /* Images.xcassets */; };
		B2B1DF31177CF9A70041973B /* XCTest.framework in Frameworks */ = {isa = PBXBuildFile; fileRef = B2B1DF30177CF9A70041973B /* XCTest.framework */; };
		B2B1DF32177CF9A70041973B /* Foundation.framework in Frameworks */ = {isa = PBXBuildFile; fileRef = B2B1DF08177CF9A70041973B /* Foundation.framework */; };
		B2B1DF33177CF9A70041973B /* UIKit.framework in Frameworks */ = {isa = PBXBuildFile; fileRef = B2B1DF0C177CF9A70041973B /* UIKit.framework */; };
		B2B1DF34177CF9A70041973B /* CoreData.framework in Frameworks */ = {isa = PBXBuildFile; fileRef = B2B1DF0E177CF9A70041973B /* CoreData.framework */; };
		B2B1DF3C177CF9A70041973B /* InfoPlist.strings in Resources */ = {isa = PBXBuildFile; fileRef = B2B1DF3A177CF9A70041973B /* InfoPlist.strings */; };
		B2B1DF3E177CF9A70041973B /* frontpageTests.m in Sources */ = {isa = PBXBuildFile; fileRef = B2B1DF3D177CF9A70041973B /* frontpageTests.m */; };
/* End PBXBuildFile section */

/* Begin PBXContainerItemProxy section */
		B2B1DF35177CF9A70041973B /* PBXContainerItemProxy */ = {
			isa = PBXContainerItemProxy;
			containerPortal = B2B1DEFD177CF9A70041973B /* Project object */;
			proxyType = 1;
			remoteGlobalIDString = B2B1DF04177CF9A70041973B;
			remoteInfo = frontpage;
		};
/* End PBXContainerItemProxy section */

/* Begin PBXFileReference section */
		838CF9098DF442F0BDD88666 /* Pods.xcconfig */ = {isa = PBXFileReference; includeInIndex = 1; lastKnownFileType = text.xcconfig; name = Pods.xcconfig; path = Pods/Pods.xcconfig; sourceTree = SOURCE_ROOT; };
		AE61CBF8B5E348929E5481CC /* libPods.a */ = {isa = PBXFileReference; explicitFileType = archive.ar; includeInIndex = 0; path = libPods.a; sourceTree = BUILT_PRODUCTS_DIR; };
		B2396FFE177E27FC00E52093 /* Post.h */ = {isa = PBXFileReference; fileEncoding = 4; lastKnownFileType = sourcecode.c.h; name = Post.h; path = Classes/Post.h; sourceTree = "<group>"; };
		B2396FFF177E27FC00E52093 /* Post.m */ = {isa = PBXFileReference; fileEncoding = 4; lastKnownFileType = sourcecode.c.objc; name = Post.m; path = Classes/Post.m; sourceTree = "<group>"; };
		B27F99F2177DF61B00C17371 /* MapKit.framework */ = {isa = PBXFileReference; lastKnownFileType = wrapper.framework; name = MapKit.framework; path = System/Library/Frameworks/MapKit.framework; sourceTree = SDKROOT; };
		B27F99F4177DF62100C17371 /* MapKit.framework */ = {isa = PBXFileReference; lastKnownFileType = wrapper.framework; name = MapKit.framework; path = System/Library/Frameworks/MapKit.framework; sourceTree = SDKROOT; };
		B27F99F6177DF6CD00C17371 /* PostsViewController.h */ = {isa = PBXFileReference; lastKnownFileType = sourcecode.c.h; name = PostsViewController.h; path = Classes/PostsViewController.h; sourceTree = "<group>"; };
		B27F99F7177DF6CD00C17371 /* PostsViewController.m */ = {isa = PBXFileReference; lastKnownFileType = sourcecode.c.objc; name = PostsViewController.m; path = Classes/PostsViewController.m; sourceTree = "<group>"; };
		B2B1DF05177CF9A70041973B /* frontpage.app */ = {isa = PBXFileReference; explicitFileType = wrapper.application; includeInIndex = 0; path = frontpage.app; sourceTree = BUILT_PRODUCTS_DIR; };
		B2B1DF08177CF9A70041973B /* Foundation.framework */ = {isa = PBXFileReference; lastKnownFileType = wrapper.framework; name = Foundation.framework; path = System/Library/Frameworks/Foundation.framework; sourceTree = SDKROOT; };
		B2B1DF0A177CF9A70041973B /* CoreGraphics.framework */ = {isa = PBXFileReference; lastKnownFileType = wrapper.framework; name = CoreGraphics.framework; path = System/Library/Frameworks/CoreGraphics.framework; sourceTree = SDKROOT; };
		B2B1DF0C177CF9A70041973B /* UIKit.framework */ = {isa = PBXFileReference; lastKnownFileType = wrapper.framework; name = UIKit.framework; path = System/Library/Frameworks/UIKit.framework; sourceTree = SDKROOT; };
		B2B1DF0E177CF9A70041973B /* CoreData.framework */ = {isa = PBXFileReference; lastKnownFileType = wrapper.framework; name = CoreData.framework; path = System/Library/Frameworks/CoreData.framework; sourceTree = SDKROOT; };
		B2B1DF11177CF9A70041973B /* Podfile */ = {isa = PBXFileReference; lastKnownFileType = text; name = Podfile; path = ../Podfile; sourceTree = "<group>"; xcLanguageSpecificationIdentifier = xcode.lang.ruby; };
		B2B1DF14177CF9A70041973B /* frontpage-Prefix.pch */ = {isa = PBXFileReference; lastKnownFileType = sourcecode.c.h; path = "frontpage-Prefix.pch"; sourceTree = "<group>"; };
		B2B1DF16177CF9A70041973B /* frontpageAPIClient.h */ = {isa = PBXFileReference; lastKnownFileType = sourcecode.c.h; name = frontpageAPIClient.h; path = Classes/frontpageAPIClient.h; sourceTree = "<group>"; };
		B2B1DF17177CF9A70041973B /* frontpageAPIClient.m */ = {isa = PBXFileReference; lastKnownFileType = sourcecode.c.objc; name = frontpageAPIClient.m; path = Classes/frontpageAPIClient.m; sourceTree = "<group>"; };
		B2B1DF19177CF9A70041973B /* frontpage-Info.plist */ = {isa = PBXFileReference; lastKnownFileType = text.plist.xml; path = "frontpage-Info.plist"; sourceTree = "<group>"; };
		B2B1DF1B177CF9A70041973B /* en */ = {isa = PBXFileReference; lastKnownFileType = text.plist.strings; name = en; path = en.lproj/InfoPlist.strings; sourceTree = "<group>"; };
		B2B1DF1D177CF9A70041973B /* main.m */ = {isa = PBXFileReference; lastKnownFileType = sourcecode.c.objc; path = main.m; sourceTree = "<group>"; };
		B2B1DF1F177CF9A70041973B /* AppDelegate.h */ = {isa = PBXFileReference; lastKnownFileType = sourcecode.c.h; path = AppDelegate.h; sourceTree = "<group>"; };
		B2B1DF20177CF9A70041973B /* AppDelegate.m */ = {isa = PBXFileReference; lastKnownFileType = sourcecode.c.objc; path = AppDelegate.m; sourceTree = "<group>"; };
		B2B1DF24177CF9A70041973B /* frontpage.xcdatamodel */ = {isa = PBXFileReference; lastKnownFileType = wrapper.xcdatamodel; path = frontpage.xcdatamodel; sourceTree = "<group>"; };
		B2B1DF26177CF9A70041973B /* frontpageIncrementalStore.h */ = {isa = PBXFileReference; lastKnownFileType = sourcecode.c.h; name = frontpageIncrementalStore.h; path = Classes/frontpageIncrementalStore.h; sourceTree = "<group>"; };
		B2B1DF27177CF9A70041973B /* frontpageIncrementalStore.m */ = {isa = PBXFileReference; lastKnownFileType = sourcecode.c.objc; name = frontpageIncrementalStore.m; path = Classes/frontpageIncrementalStore.m; sourceTree = "<group>"; };
		B2B1DF29177CF9A70041973B /* Images.xcassets */ = {isa = PBXFileReference; lastKnownFileType = folder.assetcatalog; path = Images.xcassets; sourceTree = "<group>"; };
		B2B1DF2F177CF9A70041973B /* frontpageTests.xctest */ = {isa = PBXFileReference; explicitFileType = wrapper.cfbundle; includeInIndex = 0; path = frontpageTests.xctest; sourceTree = BUILT_PRODUCTS_DIR; };
		B2B1DF30177CF9A70041973B /* XCTest.framework */ = {isa = PBXFileReference; lastKnownFileType = wrapper.framework; name = XCTest.framework; path = Library/Frameworks/XCTest.framework; sourceTree = DEVELOPER_DIR; };
		B2B1DF39177CF9A70041973B /* frontpageTests-Info.plist */ = {isa = PBXFileReference; lastKnownFileType = text.plist.xml; path = "frontpageTests-Info.plist"; sourceTree = "<group>"; };
		B2B1DF3B177CF9A70041973B /* en */ = {isa = PBXFileReference; lastKnownFileType = text.plist.strings; name = en; path = en.lproj/InfoPlist.strings; sourceTree = "<group>"; };
		B2B1DF3D177CF9A70041973B /* frontpageTests.m */ = {isa = PBXFileReference; lastKnownFileType = sourcecode.c.objc; path = frontpageTests.m; sourceTree = "<group>"; };
		B2B1DF47177CFA190041973B /* Frontpage.storyboard */ = {isa = PBXFileReference; lastKnownFileType = file.storyboard; path = Frontpage.storyboard; sourceTree = "<group>"; };
/* End PBXFileReference section */

/* Begin PBXFrameworksBuildPhase section */
		B2B1DF02177CF9A70041973B /* Frameworks */ = {
			isa = PBXFrameworksBuildPhase;
			buildActionMask = 2147483647;
			files = (
				B2B1DF0B177CF9A70041973B /* CoreGraphics.framework in Frameworks */,
				B2B1DF0F177CF9A70041973B /* CoreData.framework in Frameworks */,
				B2B1DF0D177CF9A70041973B /* UIKit.framework in Frameworks */,
				B2B1DF09177CF9A70041973B /* Foundation.framework in Frameworks */,
				1BED466142EA4EA78724C85C /* libPods.a in Frameworks */,
			);
			runOnlyForDeploymentPostprocessing = 0;
		};
		B2B1DF2C177CF9A70041973B /* Frameworks */ = {
			isa = PBXFrameworksBuildPhase;
			buildActionMask = 2147483647;
			files = (
				B2B1DF31177CF9A70041973B /* XCTest.framework in Frameworks */,
				B2B1DF34177CF9A70041973B /* CoreData.framework in Frameworks */,
				B2B1DF33177CF9A70041973B /* UIKit.framework in Frameworks */,
				B2B1DF32177CF9A70041973B /* Foundation.framework in Frameworks */,
			);
			runOnlyForDeploymentPostprocessing = 0;
		};
/* End PBXFrameworksBuildPhase section */

/* Begin PBXGroup section */
		B2B1DEFC177CF9A70041973B = {
			isa = PBXGroup;
			children = (
				B2B1DF10177CF9A70041973B /* frontpage */,
				B2B1DF37177CF9A70041973B /* frontpageTests */,
				B2B1DF07177CF9A70041973B /* Frameworks */,
				B2B1DF06177CF9A70041973B /* Products */,
				838CF9098DF442F0BDD88666 /* Pods.xcconfig */,
			);
			sourceTree = "<group>";
		};
		B2B1DF06177CF9A70041973B /* Products */ = {
			isa = PBXGroup;
			children = (
				B2B1DF05177CF9A70041973B /* frontpage.app */,
				B2B1DF2F177CF9A70041973B /* frontpageTests.xctest */,
			);
			name = Products;
			sourceTree = "<group>";
		};
		B2B1DF07177CF9A70041973B /* Frameworks */ = {
			isa = PBXGroup;
			children = (
				B27F99F4177DF62100C17371 /* MapKit.framework */,
				B27F99F2177DF61B00C17371 /* MapKit.framework */,
				B2B1DF08177CF9A70041973B /* Foundation.framework */,
				B2B1DF0A177CF9A70041973B /* CoreGraphics.framework */,
				B2B1DF0C177CF9A70041973B /* UIKit.framework */,
				B2B1DF0E177CF9A70041973B /* CoreData.framework */,
				B2B1DF30177CF9A70041973B /* XCTest.framework */,
				AE61CBF8B5E348929E5481CC /* libPods.a */,
			);
			name = Frameworks;
			sourceTree = "<group>";
		};
		B2B1DF10177CF9A70041973B /* frontpage */ = {
			isa = PBXGroup;
			children = (
				B2B1DF11177CF9A70041973B /* Podfile */,
				B2B1DF1F177CF9A70041973B /* AppDelegate.h */,
				B2B1DF20177CF9A70041973B /* AppDelegate.m */,
				B2B1DF29177CF9A70041973B /* Images.xcassets */,
				B2B1DF47177CFA190041973B /* Frontpage.storyboard */,
				B2B1DF4A177CFB450041973B /* Controllers */,
				B2B1DF15177CF9A70041973B /* Networking */,
				B2B1DF22177CF9A70041973B /* Models */,
				B2B1DF13177CF9A70041973B /* Supporting Files */,
			);
			path = frontpage;
			sourceTree = "<group>";
		};
		B2B1DF13177CF9A70041973B /* Supporting Files */ = {
			isa = PBXGroup;
			children = (
				B2B1DF14177CF9A70041973B /* frontpage-Prefix.pch */,
				B2B1DF19177CF9A70041973B /* frontpage-Info.plist */,
				B2B1DF1A177CF9A70041973B /* InfoPlist.strings */,
				B2B1DF1D177CF9A70041973B /* main.m */,
			);
			name = "Supporting Files";
			sourceTree = "<group>";
		};
		B2B1DF15177CF9A70041973B /* Networking */ = {
			isa = PBXGroup;
			children = (
				B2B1DF16177CF9A70041973B /* frontpageAPIClient.h */,
				B2B1DF17177CF9A70041973B /* frontpageAPIClient.m */,
				B2B1DF26177CF9A70041973B /* frontpageIncrementalStore.h */,
				B2B1DF27177CF9A70041973B /* frontpageIncrementalStore.m */,
			);
			name = Networking;
			sourceTree = "<group>";
		};
		B2B1DF22177CF9A70041973B /* Models */ = {
			isa = PBXGroup;
			children = (
				B2396FFE177E27FC00E52093 /* Post.h */,
				B2396FFF177E27FC00E52093 /* Post.m */,
				B2B1DF23177CF9A70041973B /* frontpage.xcdatamodeld */,
			);
			name = Models;
			sourceTree = "<group>";
		};
		B2B1DF37177CF9A70041973B /* frontpageTests */ = {
			isa = PBXGroup;
			children = (
				B2B1DF3D177CF9A70041973B /* frontpageTests.m */,
				B2B1DF38177CF9A70041973B /* Supporting Files */,
			);
			path = frontpageTests;
			sourceTree = "<group>";
		};
		B2B1DF38177CF9A70041973B /* Supporting Files */ = {
			isa = PBXGroup;
			children = (
				B2B1DF39177CF9A70041973B /* frontpageTests-Info.plist */,
				B2B1DF3A177CF9A70041973B /* InfoPlist.strings */,
			);
			name = "Supporting Files";
			sourceTree = "<group>";
		};
		B2B1DF4A177CFB450041973B /* Controllers */ = {
			isa = PBXGroup;
			children = (
				B27F99F6177DF6CD00C17371 /* PostsViewController.h */,
				B27F99F7177DF6CD00C17371 /* PostsViewController.m */,
			);
			name = Controllers;
			sourceTree = "<group>";
		};
/* End PBXGroup section */

/* Begin PBXNativeTarget section */
		B2B1DF04177CF9A70041973B /* frontpage */ = {
			isa = PBXNativeTarget;
			buildConfigurationList = B2B1DF41177CF9A70041973B /* Build configuration list for PBXNativeTarget "frontpage" */;
			buildPhases = (
				B17E931D2705442CA871F2C2 /* Check Pods Manifest.lock */,
				B2B1DF01177CF9A70041973B /* Sources */,
				B2B1DF02177CF9A70041973B /* Frameworks */,
				B2B1DF03177CF9A70041973B /* Resources */,
				3F750A140F514F639C00A5CA /* Copy Pods Resources */,
			);
			buildRules = (
			);
			dependencies = (
			);
			name = frontpage;
			productName = frontpage;
			productReference = B2B1DF05177CF9A70041973B /* frontpage.app */;
			productType = "com.apple.product-type.application";
		};
		B2B1DF2E177CF9A70041973B /* frontpageTests */ = {
			isa = PBXNativeTarget;
			buildConfigurationList = B2B1DF44177CF9A70041973B /* Build configuration list for PBXNativeTarget "frontpageTests" */;
			buildPhases = (
				B2B1DF2B177CF9A70041973B /* Sources */,
				B2B1DF2C177CF9A70041973B /* Frameworks */,
				B2B1DF2D177CF9A70041973B /* Resources */,
			);
			buildRules = (
			);
			dependencies = (
				B2B1DF36177CF9A70041973B /* PBXTargetDependency */,
			);
			name = frontpageTests;
			productName = frontpageTests;
			productReference = B2B1DF2F177CF9A70041973B /* frontpageTests.xctest */;
			productType = "com.apple.product-type.bundle.unit-test";
		};
/* End PBXNativeTarget section */

/* Begin PBXProject section */
		B2B1DEFD177CF9A70041973B /* Project object */ = {
			isa = PBXProject;
			attributes = {
				LastUpgradeCheck = 0500;
				ORGANIZATIONNAME = Gabrieloc;
				TargetAttributes = {
					B2B1DF04177CF9A70041973B = {
						SystemCapabilities = {
							com.apple.iOS = {
								enabled = 0;
							};
						};
					};
					B2B1DF2E177CF9A70041973B = {
						TestTargetID = B2B1DF04177CF9A70041973B;
					};
				};
			};
			buildConfigurationList = B2B1DF00177CF9A70041973B /* Build configuration list for PBXProject "frontpage" */;
			compatibilityVersion = "Xcode 3.2";
			developmentRegion = English;
			hasScannedForEncodings = 0;
			knownRegions = (
				en,
			);
			mainGroup = B2B1DEFC177CF9A70041973B;
			productRefGroup = B2B1DF06177CF9A70041973B /* Products */;
			projectDirPath = "";
			projectRoot = "";
			targets = (
				B2B1DF04177CF9A70041973B /* frontpage */,
				B2B1DF2E177CF9A70041973B /* frontpageTests */,
			);
		};
/* End PBXProject section */

/* Begin PBXResourcesBuildPhase section */
		B2B1DF03177CF9A70041973B /* Resources */ = {
			isa = PBXResourcesBuildPhase;
			buildActionMask = 2147483647;
			files = (
				B2B1DF2A177CF9A70041973B /* Images.xcassets in Resources */,
				B27F99F0177DF4FE00C17371 /* Frontpage.storyboard in Resources */,
				B2B1DF12177CF9A70041973B /* Podfile in Resources */,
				B2B1DF1C177CF9A70041973B /* InfoPlist.strings in Resources */,
			);
			runOnlyForDeploymentPostprocessing = 0;
		};
		B2B1DF2D177CF9A70041973B /* Resources */ = {
			isa = PBXResourcesBuildPhase;
			buildActionMask = 2147483647;
			files = (
				B2B1DF3C177CF9A70041973B /* InfoPlist.strings in Resources */,
			);
			runOnlyForDeploymentPostprocessing = 0;
		};
/* End PBXResourcesBuildPhase section */

/* Begin PBXShellScriptBuildPhase section */
		3F750A140F514F639C00A5CA /* Copy Pods Resources */ = {
			isa = PBXShellScriptBuildPhase;
			buildActionMask = 2147483647;
			files = (
			);
			inputPaths = (
			);
			name = "Copy Pods Resources";
			outputPaths = (
			);
			runOnlyForDeploymentPostprocessing = 0;
			shellPath = /bin/sh;
			shellScript = "\"${SRCROOT}/Pods/Pods-resources.sh\"\n";
		};
		B17E931D2705442CA871F2C2 /* Check Pods Manifest.lock */ = {
			isa = PBXShellScriptBuildPhase;
			buildActionMask = 2147483647;
			files = (
			);
			inputPaths = (
			);
			name = "Check Pods Manifest.lock";
			outputPaths = (
			);
			runOnlyForDeploymentPostprocessing = 0;
			shellPath = /bin/sh;
			shellScript = "diff \"${PODS_ROOT}/../Podfile.lock\" \"${PODS_ROOT}/Manifest.lock\" > /dev/null\nif [[ $? != 0 ]] ; then\n    cat << EOM\nerror: The sandbox is not in sync with the Podfile.lock. Run 'pod install' or update your CocoaPods installation.\nEOM\n    exit 1\nfi\n";
		};
/* End PBXShellScriptBuildPhase section */

/* Begin PBXSourcesBuildPhase section */
		B2B1DF01177CF9A70041973B /* Sources */ = {
			isa = PBXSourcesBuildPhase;
			buildActionMask = 2147483647;
			files = (
				B2B1DF25177CF9A70041973B /* frontpage.xcdatamodeld in Sources */,
				B2B1DF1E177CF9A70041973B /* main.m in Sources */,
				B2396FE9177DF75C00E52093 /* PostsViewController.m in Sources */,
				B2B1DF28177CF9A70041973B /* frontpageIncrementalStore.m in Sources */,
				B2B1DF18177CF9A70041973B /* frontpageAPIClient.m in Sources */,
				B2B1DF21177CF9A70041973B /* AppDelegate.m in Sources */,
				B2397000177E27FC00E52093 /* Post.m in Sources */,
			);
			runOnlyForDeploymentPostprocessing = 0;
		};
		B2B1DF2B177CF9A70041973B /* Sources */ = {
			isa = PBXSourcesBuildPhase;
			buildActionMask = 2147483647;
			files = (
				B2B1DF3E177CF9A70041973B /* frontpageTests.m in Sources */,
			);
			runOnlyForDeploymentPostprocessing = 0;
		};
/* End PBXSourcesBuildPhase section */

/* Begin PBXTargetDependency section */
		B2B1DF36177CF9A70041973B /* PBXTargetDependency */ = {
			isa = PBXTargetDependency;
			target = B2B1DF04177CF9A70041973B /* frontpage */;
			targetProxy = B2B1DF35177CF9A70041973B /* PBXContainerItemProxy */;
		};
/* End PBXTargetDependency section */

/* Begin PBXVariantGroup section */
		B2B1DF1A177CF9A70041973B /* InfoPlist.strings */ = {
			isa = PBXVariantGroup;
			children = (
				B2B1DF1B177CF9A70041973B /* en */,
			);
			name = InfoPlist.strings;
			sourceTree = "<group>";
		};
		B2B1DF3A177CF9A70041973B /* InfoPlist.strings */ = {
			isa = PBXVariantGroup;
			children = (
				B2B1DF3B177CF9A70041973B /* en */,
			);
			name = InfoPlist.strings;
			sourceTree = "<group>";
		};
/* End PBXVariantGroup section */

/* Begin XCBuildConfiguration section */
		B2B1DF3F177CF9A70041973B /* Debug */ = {
			isa = XCBuildConfiguration;
			buildSettings = {
				ALWAYS_SEARCH_USER_PATHS = NO;
				CLANG_CXX_LANGUAGE_STANDARD = "gnu++0x";
				CLANG_CXX_LIBRARY = "libc++";
				CLANG_ENABLE_MODULES = YES;
				CLANG_ENABLE_OBJC_ARC = YES;
				CLANG_WARN_BOOL_CONVERSION = YES;
				CLANG_WARN_CONSTANT_CONVERSION = YES;
				CLANG_WARN_DIRECT_OBJC_ISA_USAGE = YES_ERROR;
				CLANG_WARN_EMPTY_BODY = YES;
				CLANG_WARN_ENUM_CONVERSION = YES;
				CLANG_WARN_INT_CONVERSION = YES;
				CLANG_WARN_OBJC_ROOT_CLASS = YES_ERROR;
				CLANG_WARN__DUPLICATE_METHOD_MATCH = YES;
				"CODE_SIGN_IDENTITY[sdk=iphoneos*]" = "iPhone Developer";
				COPY_PHASE_STRIP = NO;
				GCC_C_LANGUAGE_STANDARD = gnu99;
				GCC_DYNAMIC_NO_PIC = NO;
				GCC_OPTIMIZATION_LEVEL = 0;
				GCC_PREPROCESSOR_DEFINITIONS = (
					"DEBUG=1",
					"$(inherited)",
				);
				GCC_SYMBOLS_PRIVATE_EXTERN = NO;
				GCC_WARN_ABOUT_RETURN_TYPE = YES_ERROR;
				GCC_WARN_UNDECLARED_SELECTOR = YES;
				GCC_WARN_UNINITIALIZED_AUTOS = YES;
				GCC_WARN_UNUSED_FUNCTION = YES;
				GCC_WARN_UNUSED_VARIABLE = YES;
				IPHONEOS_DEPLOYMENT_TARGET = 7.0;
				ONLY_ACTIVE_ARCH = YES;
				SDKROOT = iphoneos;
			};
			name = Debug;
		};
		B2B1DF40177CF9A70041973B /* Release */ = {
			isa = XCBuildConfiguration;
			buildSettings = {
				ALWAYS_SEARCH_USER_PATHS = NO;
				CLANG_CXX_LANGUAGE_STANDARD = "gnu++0x";
				CLANG_CXX_LIBRARY = "libc++";
				CLANG_ENABLE_MODULES = YES;
				CLANG_ENABLE_OBJC_ARC = YES;
				CLANG_WARN_BOOL_CONVERSION = YES;
				CLANG_WARN_CONSTANT_CONVERSION = YES;
				CLANG_WARN_DIRECT_OBJC_ISA_USAGE = YES_ERROR;
				CLANG_WARN_EMPTY_BODY = YES;
				CLANG_WARN_ENUM_CONVERSION = YES;
				CLANG_WARN_INT_CONVERSION = YES;
				CLANG_WARN_OBJC_ROOT_CLASS = YES_ERROR;
				CLANG_WARN__DUPLICATE_METHOD_MATCH = YES;
				"CODE_SIGN_IDENTITY[sdk=iphoneos*]" = "iPhone Developer";
				COPY_PHASE_STRIP = YES;
				ENABLE_NS_ASSERTIONS = NO;
				GCC_C_LANGUAGE_STANDARD = gnu99;
				GCC_WARN_ABOUT_RETURN_TYPE = YES_ERROR;
				GCC_WARN_UNDECLARED_SELECTOR = YES;
				GCC_WARN_UNINITIALIZED_AUTOS = YES;
				GCC_WARN_UNUSED_FUNCTION = YES;
				GCC_WARN_UNUSED_VARIABLE = YES;
				IPHONEOS_DEPLOYMENT_TARGET = 7.0;
				SDKROOT = iphoneos;
				VALIDATE_PRODUCT = YES;
			};
			name = Release;
		};
		B2B1DF42177CF9A70041973B /* Debug */ = {
			isa = XCBuildConfiguration;
			baseConfigurationReference = 838CF9098DF442F0BDD88666 /* Pods.xcconfig */;
			buildSettings = {
				ASSETCATALOG_COMPILER_APPICON_NAME = AppIcon;
				ASSETCATALOG_COMPILER_LAUNCHIMAGE_NAME = LaunchImage;
				GCC_PRECOMPILE_PREFIX_HEADER = YES;
				GCC_PREFIX_HEADER = "frontpage/frontpage-Prefix.pch";
				INFOPLIST_FILE = "frontpage/frontpage-Info.plist";
				PRODUCT_NAME = "$(TARGET_NAME)";
				WRAPPER_EXTENSION = app;
			};
			name = Debug;
		};
		B2B1DF43177CF9A70041973B /* Release */ = {
			isa = XCBuildConfiguration;
			baseConfigurationReference = 838CF9098DF442F0BDD88666 /* Pods.xcconfig */;
			buildSettings = {
				ASSETCATALOG_COMPILER_APPICON_NAME = AppIcon;
				ASSETCATALOG_COMPILER_LAUNCHIMAGE_NAME = LaunchImage;
				GCC_PRECOMPILE_PREFIX_HEADER = YES;
				GCC_PREFIX_HEADER = "frontpage/frontpage-Prefix.pch";
				INFOPLIST_FILE = "frontpage/frontpage-Info.plist";
				PRODUCT_NAME = "$(TARGET_NAME)";
				WRAPPER_EXTENSION = app;
			};
			name = Release;
		};
		B2B1DF45177CF9A70041973B /* Debug */ = {
			isa = XCBuildConfiguration;
			buildSettings = {
				BUNDLE_LOADER = "$(BUILT_PRODUCTS_DIR)/frontpage.app/frontpage";
				FRAMEWORK_SEARCH_PATHS = (
					"$(SDKROOT)/Developer/Library/Frameworks",
					"$(inherited)",
					"$(SYSTEM_APPS_DIR)/Xcode5-DP2.app/Contents/Developer/Library/Frameworks",
				);
				GCC_PRECOMPILE_PREFIX_HEADER = YES;
				GCC_PREFIX_HEADER = "frontpage/frontpage-Prefix.pch";
				GCC_PREPROCESSOR_DEFINITIONS = (
					"DEBUG=1",
					"$(inherited)",
				);
				INFOPLIST_FILE = "frontpageTests/frontpageTests-Info.plist";
				PRODUCT_NAME = "$(TARGET_NAME)";
				TEST_HOST = "$(BUNDLE_LOADER)";
				WRAPPER_EXTENSION = xctest;
			};
			name = Debug;
		};
		B2B1DF46177CF9A70041973B /* Release */ = {
			isa = XCBuildConfiguration;
			buildSettings = {
				BUNDLE_LOADER = "$(BUILT_PRODUCTS_DIR)/frontpage.app/frontpage";
				FRAMEWORK_SEARCH_PATHS = (
					"$(SDKROOT)/Developer/Library/Frameworks",
					"$(inherited)",
					"$(SYSTEM_APPS_DIR)/Xcode5-DP2.app/Contents/Developer/Library/Frameworks",
				);
				GCC_PRECOMPILE_PREFIX_HEADER = YES;
				GCC_PREFIX_HEADER = "frontpage/frontpage-Prefix.pch";
				INFOPLIST_FILE = "frontpageTests/frontpageTests-Info.plist";
				PRODUCT_NAME = "$(TARGET_NAME)";
				TEST_HOST = "$(BUNDLE_LOADER)";
				WRAPPER_EXTENSION = xctest;
			};
			name = Release;
		};
/* End XCBuildConfiguration section */

/* Begin XCConfigurationList section */
		B2B1DF00177CF9A70041973B /* Build configuration list for PBXProject "frontpage" */ = {
			isa = XCConfigurationList;
			buildConfigurations = (
				B2B1DF3F177CF9A70041973B /* Debug */,
				B2B1DF40177CF9A70041973B /* Release */,
			);
			defaultConfigurationIsVisible = 0;
			defaultConfigurationName = Release;
		};
		B2B1DF41177CF9A70041973B /* Build configuration list for PBXNativeTarget "frontpage" */ = {
			isa = XCConfigurationList;
			buildConfigurations = (
				B2B1DF42177CF9A70041973B /* Debug */,
				B2B1DF43177CF9A70041973B /* Release */,
			);
			defaultConfigurationIsVisible = 0;
			defaultConfigurationName = Release;
		};
		B2B1DF44177CF9A70041973B /* Build configuration list for PBXNativeTarget "frontpageTests" */ = {
			isa = XCConfigurationList;
			buildConfigurations = (
				B2B1DF45177CF9A70041973B /* Debug */,
				B2B1DF46177CF9A70041973B /* Release */,
			);
			defaultConfigurationIsVisible = 0;
			defaultConfigurationName = Release;
		};
/* End XCConfigurationList section */

/* Begin XCVersionGroup section */
		B2B1DF23177CF9A70041973B /* frontpage.xcdatamodeld */ = {
			isa = XCVersionGroup;
			children = (
				B2B1DF24177CF9A70041973B /* frontpage.xcdatamodel */,
			);
			currentVersion = B2B1DF24177CF9A70041973B /* frontpage.xcdatamodel */;
			path = frontpage.xcdatamodeld;
			sourceTree = "<group>";
			versionGroupType = wrapper.xcdatamodel;
		};
/* End XCVersionGroup section */
	};
	rootObject = B2B1DEFD177CF9A70041973B /* Project object */;
}
